
Microsoft Visual Studio Solution File, Format Version 12.00
# Visual Studio 2013
VisualStudioVersion = 12.0.30723.0
MinimumVisualStudioVersion = 10.0.40219.1
Project("{F2A71F9B-5D33-465A-A702-920D77279786}") = "ConwayGameOfLife", "ConwayGameOfLife\ConwayGameOfLife.fsproj", "{AD29E3BB-EBB3-4744-88C7-1DB0D50962CA}"
EndProject
Project("{F2A71F9B-5D33-465A-A702-920D77279786}") = "ConwayGameOfLife.Specs", "ConwayGameOfLife.Specs\ConwayGameOfLife.Specs.fsproj", "{DCDAF030-7BF7-41BE-A4A2-388E0CDFD1E5}"
EndProject
Global
	GlobalSection(SolutionConfigurationPlatforms) = preSolution
		Debug|Any CPU = Debug|Any CPU
		Release|Any CPU = Release|Any CPU
	EndGlobalSection
	GlobalSection(ProjectConfigurationPlatforms) = postSolution
		{AD29E3BB-EBB3-4744-88C7-1DB0D50962CA}.Debug|Any CPU.ActiveCfg = Debug|Any CPU
		{AD29E3BB-EBB3-4744-88C7-1DB0D50962CA}.Debug|Any CPU.Build.0 = Debug|Any CPU
		{AD29E3BB-EBB3-4744-88C7-1DB0D50962CA}.Release|Any CPU.ActiveCfg = Release|Any CPU
		{AD29E3BB-EBB3-4744-88C7-1DB0D50962CA}.Release|Any CPU.Build.0 = Release|Any CPU
		{DCDAF030-7BF7-41BE-A4A2-388E0CDFD1E5}.Debug|Any CPU.ActiveCfg = Debug|Any CPU
		{DCDAF030-7BF7-41BE-A4A2-388E0CDFD1E5}.Debug|Any CPU.Build.0 = Debug|Any CPU
		{DCDAF030-7BF7-41BE-A4A2-388E0CDFD1E5}.Release|Any CPU.ActiveCfg = Release|Any CPU
		{DCDAF030-7BF7-41BE-A4A2-388E0CDFD1E5}.Release|Any CPU.Build.0 = Release|Any CPU
	EndGlobalSection
	GlobalSection(SolutionProperties) = preSolution
		HideSolutionNode = FALSE
	EndGlobalSection
EndGlobal
